
Microsoft Visual Studio Solution File, Format Version 11.00
# Visual Studio 2010
Project("{FAE04EC0-301F-11D3-BF4B-00C04F79EFBC}") = "MetaInfo", "MetaInfo\MetaInfo.csproj", "{0D64B8C2-05F9-402D-B482-142F651A879F}"
EndProject
Project("{FAE04EC0-301F-11D3-BF4B-00C04F79EFBC}") = "MetaInfoTest", "MetaInfoTest\MetaInfoTest.csproj", "{6C060FAC-67C9-4527-A2DD-8F5580BF771E}"
EndProject
Global
	GlobalSection(SolutionConfigurationPlatforms) = preSolution
		Debug|Any CPU = Debug|Any CPU
		Release|Any CPU = Release|Any CPU
	EndGlobalSection
	GlobalSection(ProjectConfigurationPlatforms) = postSolution
		{0D64B8C2-05F9-402D-B482-142F651A879F}.Debug|Any CPU.ActiveCfg = Debug|Any CPU
		{0D64B8C2-05F9-402D-B482-142F651A879F}.Debug|Any CPU.Build.0 = Debug|Any CPU
		{0D64B8C2-05F9-402D-B482-142F651A879F}.Release|Any CPU.ActiveCfg = Release|Any CPU
		{0D64B8C2-05F9-402D-B482-142F651A879F}.Release|Any CPU.Build.0 = Release|Any CPU
		{6C060FAC-67C9-4527-A2DD-8F5580BF771E}.Debug|Any CPU.ActiveCfg = Debug|Any CPU
		{6C060FAC-67C9-4527-A2DD-8F5580BF771E}.Debug|Any CPU.Build.0 = Debug|Any CPU
		{6C060FAC-67C9-4527-A2DD-8F5580BF771E}.Release|Any CPU.ActiveCfg = Release|Any CPU
		{6C060FAC-67C9-4527-A2DD-8F5580BF771E}.Release|Any CPU.Build.0 = Release|Any CPU
	EndGlobalSection
	GlobalSection(SolutionProperties) = preSolution
		HideSolutionNode = FALSE
	EndGlobalSection
EndGlobal
